// !$*UTF8*$!
{
	archiveVersion = 1;
	classes = {
	};
	objectVersion = 48;
	objects = {

/* Begin PBXBuildFile section */
		49D6C99E201E6D9D00CD66E3 /* AppDelegate.swift in Sources */ = {isa = PBXBuildFile; fileRef = 49D6C99D201E6D9D00CD66E3 /* AppDelegate.swift */; };
		49D6C9A0201E6D9D00CD66E3 /* ViewController.swift in Sources */ = {isa = PBXBuildFile; fileRef = 49D6C99F201E6D9D00CD66E3 /* ViewController.swift */; };
		49D6C9A3201E6D9D00CD66E3 /* Main.storyboard in Resources */ = {isa = PBXBuildFile; fileRef = 49D6C9A1201E6D9D00CD66E3 /* Main.storyboard */; };
		49D6C9A5201E6D9D00CD66E3 /* Assets.xcassets in Resources */ = {isa = PBXBuildFile; fileRef = 49D6C9A4201E6D9D00CD66E3 /* Assets.xcassets */; };
		49D6C9A8201E6D9D00CD66E3 /* LaunchScreen.storyboard in Resources */ = {isa = PBXBuildFile; fileRef = 49D6C9A6201E6D9D00CD66E3 /* LaunchScreen.storyboard */; };
		49D6C9B3201E6D9E00CD66E3 /* rapProjectTests.swift in Sources */ = {isa = PBXBuildFile; fileRef = 49D6C9B2201E6D9E00CD66E3 /* rapProjectTests.swift */; };
		49D6C9BE201E6D9E00CD66E3 /* rapProjectUITests.swift in Sources */ = {isa = PBXBuildFile; fileRef = 49D6C9BD201E6D9E00CD66E3 /* rapProjectUITests.swift */; };
/* End PBXBuildFile section */

/* Begin PBXContainerItemProxy section */
		49D6C9AF201E6D9D00CD66E3 /* PBXContainerItemProxy */ = {
			isa = PBXContainerItemProxy;
			containerPortal = 49D6C992201E6D9D00CD66E3 /* Project object */;
			proxyType = 1;
			remoteGlobalIDString = 49D6C999201E6D9D00CD66E3;
			remoteInfo = rapProject;
		};
		49D6C9BA201E6D9E00CD66E3 /* PBXContainerItemProxy */ = {
			isa = PBXContainerItemProxy;
			containerPortal = 49D6C992201E6D9D00CD66E3 /* Project object */;
			proxyType = 1;
			remoteGlobalIDString = 49D6C999201E6D9D00CD66E3;
			remoteInfo = rapProject;
		};
/* End PBXContainerItemProxy section */

/* Begin PBXFileReference section */
		49D6C99A201E6D9D00CD66E3 /* rapProject.app */ = {isa = PBXFileReference; explicitFileType = wrapper.application; includeInIndex = 0; path = rapProject.app; sourceTree = BUILT_PRODUCTS_DIR; };
		49D6C99D201E6D9D00CD66E3 /* AppDelegate.swift */ = {isa = PBXFileReference; lastKnownFileType = sourcecode.swift; path = AppDelegate.swift; sourceTree = "<group>"; };
		49D6C99F201E6D9D00CD66E3 /* ViewController.swift */ = {isa = PBXFileReference; lastKnownFileType = sourcecode.swift; path = ViewController.swift; sourceTree = "<group>"; };
		49D6C9A2201E6D9D00CD66E3 /* Base */ = {isa = PBXFileReference; lastKnownFileType = file.storyboard; name = Base; path = Base.lproj/Main.storyboard; sourceTree = "<group>"; };
		49D6C9A4201E6D9D00CD66E3 /* Assets.xcassets */ = {isa = PBXFileReference; lastKnownFileType = folder.assetcatalog; path = Assets.xcassets; sourceTree = "<group>"; };
		49D6C9A7201E6D9D00CD66E3 /* Base */ = {isa = PBXFileReference; lastKnownFileType = file.storyboard; name = Base; path = Base.lproj/LaunchScreen.storyboard; sourceTree = "<group>"; };
		49D6C9A9201E6D9D00CD66E3 /* Info.plist */ = {isa = PBXFileReference; lastKnownFileType = text.plist.xml; path = Info.plist; sourceTree = "<group>"; };
		49D6C9AE201E6D9D00CD66E3 /* rapProjectTests.xctest */ = {isa = PBXFileReference; explicitFileType = wrapper.cfbundle; includeInIndex = 0; path = rapProjectTests.xctest; sourceTree = BUILT_PRODUCTS_DIR; };
		49D6C9B2201E6D9E00CD66E3 /* rapProjectTests.swift */ = {isa = PBXFileReference; lastKnownFileType = sourcecode.swift; path = rapProjectTests.swift; sourceTree = "<group>"; };
		49D6C9B4201E6D9E00CD66E3 /* Info.plist */ = {isa = PBXFileReference; lastKnownFileType = text.plist.xml; path = Info.plist; sourceTree = "<group>"; };
		49D6C9B9201E6D9E00CD66E3 /* rapProjectUITests.xctest */ = {isa = PBXFileReference; explicitFileType = wrapper.cfbundle; includeInIndex = 0; path = rapProjectUITests.xctest; sourceTree = BUILT_PRODUCTS_DIR; };
		49D6C9BD201E6D9E00CD66E3 /* rapProjectUITests.swift */ = {isa = PBXFileReference; lastKnownFileType = sourcecode.swift; path = rapProjectUITests.swift; sourceTree = "<group>"; };
		49D6C9BF201E6D9E00CD66E3 /* Info.plist */ = {isa = PBXFileReference; lastKnownFileType = text.plist.xml; path = Info.plist; sourceTree = "<group>"; };
/* End PBXFileReference section */

/* Begin PBXFrameworksBuildPhase section */
		49D6C997201E6D9D00CD66E3 /* Frameworks */ = {
			isa = PBXFrameworksBuildPhase;
			buildActionMask = 2147483647;
			files = (
			);
			runOnlyForDeploymentPostprocessing = 0;
		};
		49D6C9AB201E6D9D00CD66E3 /* Frameworks */ = {
			isa = PBXFrameworksBuildPhase;
			buildActionMask = 2147483647;
			files = (
			);
			runOnlyForDeploymentPostprocessing = 0;
		};
		49D6C9B6201E6D9E00CD66E3 /* Frameworks */ = {
			isa = PBXFrameworksBuildPhase;
			buildActionMask = 2147483647;
			files = (
			);
			runOnlyForDeploymentPostprocessing = 0;
		};
/* End PBXFrameworksBuildPhase section */

/* Begin PBXGroup section */
		49D6C991201E6D9D00CD66E3 = {
			isa = PBXGroup;
			children = (
				49D6C99C201E6D9D00CD66E3 /* rapProject */,
				49D6C9B1201E6D9D00CD66E3 /* rapProjectTests */,
				49D6C9BC201E6D9E00CD66E3 /* rapProjectUITests */,
				49D6C99B201E6D9D00CD66E3 /* Products */,
			);
			sourceTree = "<group>";
		};
		49D6C99B201E6D9D00CD66E3 /* Products */ = {
			isa = PBXGroup;
			children = (
				49D6C99A201E6D9D00CD66E3 /* rapProject.app */,
				49D6C9AE201E6D9D00CD66E3 /* rapProjectTests.xctest */,
				49D6C9B9201E6D9E00CD66E3 /* rapProjectUITests.xctest */,
			);
			name = Products;
			sourceTree = "<group>";
		};
		49D6C99C201E6D9D00CD66E3 /* rapProject */ = {
			isa = PBXGroup;
			children = (
				49D6C99D201E6D9D00CD66E3 /* AppDelegate.swift */,
				49D6C99F201E6D9D00CD66E3 /* ViewController.swift */,
				49D6C9A1201E6D9D00CD66E3 /* Main.storyboard */,
				49D6C9A4201E6D9D00CD66E3 /* Assets.xcassets */,
				49D6C9A6201E6D9D00CD66E3 /* LaunchScreen.storyboard */,
				49D6C9A9201E6D9D00CD66E3 /* Info.plist */,
			);
			path = rapProject;
			sourceTree = "<group>";
		};
		49D6C9B1201E6D9D00CD66E3 /* rapProjectTests */ = {
			isa = PBXGroup;
			children = (
				49D6C9B2201E6D9E00CD66E3 /* rapProjectTests.swift */,
				49D6C9B4201E6D9E00CD66E3 /* Info.plist */,
			);
			path = rapProjectTests;
			sourceTree = "<group>";
		};
		49D6C9BC201E6D9E00CD66E3 /* rapProjectUITests */ = {
			isa = PBXGroup;
			children = (
				49D6C9BD201E6D9E00CD66E3 /* rapProjectUITests.swift */,
				49D6C9BF201E6D9E00CD66E3 /* Info.plist */,
			);
			path = rapProjectUITests;
			sourceTree = "<group>";
		};
/* End PBXGroup section */

/* Begin PBXNativeTarget section */
		49D6C999201E6D9D00CD66E3 /* rapProject */ = {
			isa = PBXNativeTarget;
			buildConfigurationList = 49D6C9C2201E6D9E00CD66E3 /* Build configuration list for PBXNativeTarget "rapProject" */;
			buildPhases = (
				49D6C996201E6D9D00CD66E3 /* Sources */,
				49D6C997201E6D9D00CD66E3 /* Frameworks */,
				49D6C998201E6D9D00CD66E3 /* Resources */,
			);
			buildRules = (
			);
			dependencies = (
			);
			name = rapProject;
			productName = rapProject;
			productReference = 49D6C99A201E6D9D00CD66E3 /* rapProject.app */;
			productType = "com.apple.product-type.application";
		};
		49D6C9AD201E6D9D00CD66E3 /* rapProjectTests */ = {
			isa = PBXNativeTarget;
			buildConfigurationList = 49D6C9C5201E6D9E00CD66E3 /* Build configuration list for PBXNativeTarget "rapProjectTests" */;
			buildPhases = (
				49D6C9AA201E6D9D00CD66E3 /* Sources */,
				49D6C9AB201E6D9D00CD66E3 /* Frameworks */,
				49D6C9AC201E6D9D00CD66E3 /* Resources */,
			);
			buildRules = (
			);
			dependencies = (
				49D6C9B0201E6D9D00CD66E3 /* PBXTargetDependency */,
			);
			name = rapProjectTests;
			productName = rapProjectTests;
			productReference = 49D6C9AE201E6D9D00CD66E3 /* rapProjectTests.xctest */;
			productType = "com.apple.product-type.bundle.unit-test";
		};
		49D6C9B8201E6D9E00CD66E3 /* rapProjectUITests */ = {
			isa = PBXNativeTarget;
			buildConfigurationList = 49D6C9C8201E6D9E00CD66E3 /* Build configuration list for PBXNativeTarget "rapProjectUITests" */;
			buildPhases = (
				49D6C9B5201E6D9E00CD66E3 /* Sources */,
				49D6C9B6201E6D9E00CD66E3 /* Frameworks */,
				49D6C9B7201E6D9E00CD66E3 /* Resources */,
			);
			buildRules = (
			);
			dependencies = (
				49D6C9BB201E6D9E00CD66E3 /* PBXTargetDependency */,
			);
			name = rapProjectUITests;
			productName = rapProjectUITests;
			productReference = 49D6C9B9201E6D9E00CD66E3 /* rapProjectUITests.xctest */;
			productType = "com.apple.product-type.bundle.ui-testing";
		};
/* End PBXNativeTarget section */

/* Begin PBXProject section */
		49D6C992201E6D9D00CD66E3 /* Project object */ = {
			isa = PBXProject;
			attributes = {
				LastSwiftUpdateCheck = 0920;
				LastUpgradeCheck = 0920;
				ORGANIZATIONNAME = "andrew cook";
				TargetAttributes = {
					49D6C999201E6D9D00CD66E3 = {
						CreatedOnToolsVersion = 9.2;
						ProvisioningStyle = Automatic;
					};
					49D6C9AD201E6D9D00CD66E3 = {
						CreatedOnToolsVersion = 9.2;
						ProvisioningStyle = Automatic;
						TestTargetID = 49D6C999201E6D9D00CD66E3;
					};
					49D6C9B8201E6D9E00CD66E3 = {
						CreatedOnToolsVersion = 9.2;
						ProvisioningStyle = Automatic;
						TestTargetID = 49D6C999201E6D9D00CD66E3;
					};
				};
			};
			buildConfigurationList = 49D6C995201E6D9D00CD66E3 /* Build configuration list for PBXProject "rapProject" */;
			compatibilityVersion = "Xcode 8.0";
			developmentRegion = en;
			hasScannedForEncodings = 0;
			knownRegions = (
				en,
				Base,
			);
			mainGroup = 49D6C991201E6D9D00CD66E3;
			productRefGroup = 49D6C99B201E6D9D00CD66E3 /* Products */;
			projectDirPath = "";
			projectRoot = "";
			targets = (
				49D6C999201E6D9D00CD66E3 /* rapProject */,
				49D6C9AD201E6D9D00CD66E3 /* rapProjectTests */,
				49D6C9B8201E6D9E00CD66E3 /* rapProjectUITests */,
			);
		};
/* End PBXProject section */

/* Begin PBXResourcesBuildPhase section */
		49D6C998201E6D9D00CD66E3 /* Resources */ = {
			isa = PBXResourcesBuildPhase;
			buildActionMask = 2147483647;
			files = (
				49D6C9A8201E6D9D00CD66E3 /* LaunchScreen.storyboard in Resources */,
				49D6C9A5201E6D9D00CD66E3 /* Assets.xcassets in Resources */,
				49D6C9A3201E6D9D00CD66E3 /* Main.storyboard in Resources */,
			);
			runOnlyForDeploymentPostprocessing = 0;
		};
		49D6C9AC201E6D9D00CD66E3 /* Resources */ = {
			isa = PBXResourcesBuildPhase;
			buildActionMask = 2147483647;
			files = (
			);
			runOnlyForDeploymentPostprocessing = 0;
		};
		49D6C9B7201E6D9E00CD66E3 /* Resources */ = {
			isa = PBXResourcesBuildPhase;
			buildActionMask = 2147483647;
			files = (
			);
			runOnlyForDeploymentPostprocessing = 0;
		};
/* End PBXResourcesBuildPhase section */

/* Begin PBXSourcesBuildPhase section */
		49D6C996201E6D9D00CD66E3 /* Sources */ = {
			isa = PBXSourcesBuildPhase;
			buildActionMask = 2147483647;
			files = (
				49D6C9A0201E6D9D00CD66E3 /* ViewController.swift in Sources */,
				49D6C99E201E6D9D00CD66E3 /* AppDelegate.swift in Sources */,
			);
			runOnlyForDeploymentPostprocessing = 0;
		};
		49D6C9AA201E6D9D00CD66E3 /* Sources */ = {
			isa = PBXSourcesBuildPhase;
			buildActionMask = 2147483647;
			files = (
				49D6C9B3201E6D9E00CD66E3 /* rapProjectTests.swift in Sources */,
			);
			runOnlyForDeploymentPostprocessing = 0;
		};
		49D6C9B5201E6D9E00CD66E3 /* Sources */ = {
			isa = PBXSourcesBuildPhase;
			buildActionMask = 2147483647;
			files = (
				49D6C9BE201E6D9E00CD66E3 /* rapProjectUITests.swift in Sources */,
			);
			runOnlyForDeploymentPostprocessing = 0;
		};
/* End PBXSourcesBuildPhase section */

/* Begin PBXTargetDependency section */
		49D6C9B0201E6D9D00CD66E3 /* PBXTargetDependency */ = {
			isa = PBXTargetDependency;
			target = 49D6C999201E6D9D00CD66E3 /* rapProject */;
			targetProxy = 49D6C9AF201E6D9D00CD66E3 /* PBXContainerItemProxy */;
		};
		49D6C9BB201E6D9E00CD66E3 /* PBXTargetDependency */ = {
			isa = PBXTargetDependency;
			target = 49D6C999201E6D9D00CD66E3 /* rapProject */;
			targetProxy = 49D6C9BA201E6D9E00CD66E3 /* PBXContainerItemProxy */;
		};
/* End PBXTargetDependency section */

/* Begin PBXVariantGroup section */
		49D6C9A1201E6D9D00CD66E3 /* Main.storyboard */ = {
			isa = PBXVariantGroup;
			children = (
				49D6C9A2201E6D9D00CD66E3 /* Base */,
			);
			name = Main.storyboard;
			sourceTree = "<group>";
		};
		49D6C9A6201E6D9D00CD66E3 /* LaunchScreen.storyboard */ = {
			isa = PBXVariantGroup;
			children = (
				49D6C9A7201E6D9D00CD66E3 /* Base */,
			);
			name = LaunchScreen.storyboard;
			sourceTree = "<group>";
		};
/* End PBXVariantGroup section */

/* Begin XCBuildConfiguration section */
		49D6C9C0201E6D9E00CD66E3 /* Debug */ = {
			isa = XCBuildConfiguration;
			buildSettings = {
				ALWAYS_SEARCH_USER_PATHS = NO;
				CLANG_ANALYZER_NONNULL = YES;
				CLANG_ANALYZER_NUMBER_OBJECT_CONVERSION = YES_AGGRESSIVE;
				CLANG_CXX_LANGUAGE_STANDARD = "gnu++14";
				CLANG_CXX_LIBRARY = "libc++";
				CLANG_ENABLE_MODULES = YES;
				CLANG_ENABLE_OBJC_ARC = YES;
				CLANG_WARN_BLOCK_CAPTURE_AUTORELEASING = YES;
				CLANG_WARN_BOOL_CONVERSION = YES;
				CLANG_WARN_COMMA = YES;
				CLANG_WARN_CONSTANT_CONVERSION = YES;
				CLANG_WARN_DIRECT_OBJC_ISA_USAGE = YES_ERROR;
				CLANG_WARN_DOCUMENTATION_COMMENTS = YES;
				CLANG_WARN_EMPTY_BODY = YES;
				CLANG_WARN_ENUM_CONVERSION = YES;
				CLANG_WARN_INFINITE_RECURSION = YES;
				CLANG_WARN_INT_CONVERSION = YES;
				CLANG_WARN_NON_LITERAL_NULL_CONVERSION = YES;
				CLANG_WARN_OBJC_LITERAL_CONVERSION = YES;
				CLANG_WARN_OBJC_ROOT_CLASS = YES_ERROR;
				CLANG_WARN_RANGE_LOOP_ANALYSIS = YES;
				CLANG_WARN_STRICT_PROTOTYPES = YES;
				CLANG_WARN_SUSPICIOUS_MOVE = YES;
				CLANG_WARN_UNGUARDED_AVAILABILITY = YES_AGGRESSIVE;
				CLANG_WARN_UNREACHABLE_CODE = YES;
				CLANG_WARN__DUPLICATE_METHOD_MATCH = YES;
				CODE_SIGN_IDENTITY = "iPhone Developer";
				COPY_PHASE_STRIP = NO;
				DEBUG_INFORMATION_FORMAT = dwarf;
				ENABLE_STRICT_OBJC_MSGSEND = YES;
				ENABLE_TESTABILITY = YES;
				GCC_C_LANGUAGE_STANDARD = gnu11;
				GCC_DYNAMIC_NO_PIC = NO;
				GCC_NO_COMMON_BLOCKS = YES;
				GCC_OPTIMIZATION_LEVEL = 0;
				GCC_PREPROCESSOR_DEFINITIONS = (
					"DEBUG=1",
					"$(inherited)",
				);
				GCC_WARN_64_TO_32_BIT_CONVERSION = YES;
				GCC_WARN_ABOUT_RETURN_TYPE = YES_ERROR;
				GCC_WARN_UNDECLARED_SELECTOR = YES;
				GCC_WARN_UNINITIALIZED_AUTOS = YES_AGGRESSIVE;
				GCC_WARN_UNUSED_FUNCTION = YES;
				GCC_WARN_UNUSED_VARIABLE = YES;
				IPHONEOS_DEPLOYMENT_TARGET = 11.2;
				MTL_ENABLE_DEBUG_INFO = YES;
				ONLY_ACTIVE_ARCH = YES;
				SDKROOT = iphoneos;
				SWIFT_ACTIVE_COMPILATION_CONDITIONS = DEBUG;
				SWIFT_OPTIMIZATION_LEVEL = "-Onone";
			};
			name = Debug;
		};
		49D6C9C1201E6D9E00CD66E3 /* Release */ = {
			isa = XCBuildConfiguration;
			buildSettings = {
				ALWAYS_SEARCH_USER_PATHS = NO;
				CLANG_ANALYZER_NONNULL = YES;
				CLANG_ANALYZER_NUMBER_OBJECT_CONVERSION = YES_AGGRESSIVE;
				CLANG_CXX_LANGUAGE_STANDARD = "gnu++14";
				CLANG_CXX_LIBRARY = "libc++";
				CLANG_ENABLE_MODULES = YES;
				CLANG_ENABLE_OBJC_ARC = YES;
				CLANG_WARN_BLOCK_CAPTURE_AUTORELEASING = YES;
				CLANG_WARN_BOOL_CONVERSION = YES;
				CLANG_WARN_COMMA = YES;
				CLANG_WARN_CONSTANT_CONVERSION = YES;
				CLANG_WARN_DIRECT_OBJC_ISA_USAGE = YES_ERROR;
				CLANG_WARN_DOCUMENTATION_COMMENTS = YES;
				CLANG_WARN_EMPTY_BODY = YES;
				CLANG_WARN_ENUM_CONVERSION = YES;
				CLANG_WARN_INFINITE_RECURSION = YES;
				CLANG_WARN_INT_CONVERSION = YES;
				CLANG_WARN_NON_LITERAL_NULL_CONVERSION = YES;
				CLANG_WARN_OBJC_LITERAL_CONVERSION = YES;
				CLANG_WARN_OBJC_ROOT_CLASS = YES_ERROR;
				CLANG_WARN_RANGE_LOOP_ANALYSIS = YES;
				CLANG_WARN_STRICT_PROTOTYPES = YES;
				CLANG_WARN_SUSPICIOUS_MOVE = YES;
				CLANG_WARN_UNGUARDED_AVAILABILITY = YES_AGGRESSIVE;
				CLANG_WARN_UNREACHABLE_CODE = YES;
				CLANG_WARN__DUPLICATE_METHOD_MATCH = YES;
				CODE_SIGN_IDENTITY = "iPhone Developer";
				COPY_PHASE_STRIP = NO;
				DEBUG_INFORMATION_FORMAT = "dwarf-with-dsym";
				ENABLE_NS_ASSERTIONS = NO;
				ENABLE_STRICT_OBJC_MSGSEND = YES;
				GCC_C_LANGUAGE_STANDARD = gnu11;
				GCC_NO_COMMON_BLOCKS = YES;
				GCC_WARN_64_TO_32_BIT_CONVERSION = YES;
				GCC_WARN_ABOUT_RETURN_TYPE = YES_ERROR;
				GCC_WARN_UNDECLARED_SELECTOR = YES;
				GCC_WARN_UNINITIALIZED_AUTOS = YES_AGGRESSIVE;
				GCC_WARN_UNUSED_FUNCTION = YES;
				GCC_WARN_UNUSED_VARIABLE = YES;
				IPHONEOS_DEPLOYMENT_TARGET = 11.2;
				MTL_ENABLE_DEBUG_INFO = NO;
				SDKROOT = iphoneos;
				SWIFT_OPTIMIZATION_LEVEL = "-Owholemodule";
				VALIDATE_PRODUCT = YES;
			};
			name = Release;
		};
		49D6C9C3201E6D9E00CD66E3 /* Debug */ = {
			isa = XCBuildConfiguration;
			buildSettings = {
				ASSETCATALOG_COMPILER_APPICON_NAME = AppIcon;
				CODE_SIGN_STYLE = Automatic;
				DEVELOPMENT_TEAM = 9SVGXMGU4M;
				INFOPLIST_FILE = rapProject/Info.plist;
				LD_RUNPATH_SEARCH_PATHS = "$(inherited) @executable_path/Frameworks";
				PRODUCT_BUNDLE_IDENTIFIER = com.andrew.cook.rapProject;
				PRODUCT_NAME = "$(TARGET_NAME)";
				SWIFT_VERSION = 4.0;
				TARGETED_DEVICE_FAMILY = "1,2";
			};
			name = Debug;
		};
		49D6C9C4201E6D9E00CD66E3 /* Release */ = {
			isa = XCBuildConfiguration;
			buildSettings = {
				ASSETCATALOG_COMPILER_APPICON_NAME = AppIcon;
				CODE_SIGN_STYLE = Automatic;
				DEVELOPMENT_TEAM = 9SVGXMGU4M;
				INFOPLIST_FILE = rapProject/Info.plist;
				LD_RUNPATH_SEARCH_PATHS = "$(inherited) @executable_path/Frameworks";
				PRODUCT_BUNDLE_IDENTIFIER = com.andrew.cook.rapProject;
				PRODUCT_NAME = "$(TARGET_NAME)";
				SWIFT_VERSION = 4.0;
				TARGETED_DEVICE_FAMILY = "1,2";
			};
			name = Release;
		};
		49D6C9C6201E6D9E00CD66E3 /* Debug */ = {
			isa = XCBuildConfiguration;
			buildSettings = {
				ALWAYS_EMBED_SWIFT_STANDARD_LIBRARIES = YES;
				BUNDLE_LOADER = "$(TEST_HOST)";
				CODE_SIGN_STYLE = Automatic;
				DEVELOPMENT_TEAM = 9SVGXMGU4M;
				INFOPLIST_FILE = rapProjectTests/Info.plist;
				LD_RUNPATH_SEARCH_PATHS = "$(inherited) @executable_path/Frameworks @loader_path/Frameworks";
				PRODUCT_BUNDLE_IDENTIFIER = com.andrew.cook.rapProjectTests;
				PRODUCT_NAME = "$(TARGET_NAME)";
				SWIFT_VERSION = 4.0;
				TARGETED_DEVICE_FAMILY = "1,2";
				TEST_HOST = "$(BUILT_PRODUCTS_DIR)/rapProject.app/rapProject";
			};
			name = Debug;
		};
		49D6C9C7201E6D9E00CD66E3 /* Release */ = {
			isa = XCBuildConfiguration;
			buildSettings = {
				ALWAYS_EMBED_SWIFT_STANDARD_LIBRARIES = YES;
				BUNDLE_LOADER = "$(TEST_HOST)";
				CODE_SIGN_STYLE = Automatic;
				DEVELOPMENT_TEAM = 9SVGXMGU4M;
				INFOPLIST_FILE = rapProjectTests/Info.plist;
				LD_RUNPATH_SEARCH_PATHS = "$(inherited) @executable_path/Frameworks @loader_path/Frameworks";
				PRODUCT_BUNDLE_IDENTIFIER = com.andrew.cook.rapProjectTests;
				PRODUCT_NAME = "$(TARGET_NAME)";
				SWIFT_VERSION = 4.0;
				TARGETED_DEVICE_FAMILY = "1,2";
				TEST_HOST = "$(BUILT_PRODUCTS_DIR)/rapProject.app/rapProject";
			};
			name = Release;
		};
		49D6C9C9201E6D9E00CD66E3 /* Debug */ = {
			isa = XCBuildConfiguration;
			buildSettings = {
				ALWAYS_EMBED_SWIFT_STANDARD_LIBRARIES = YES;
				CODE_SIGN_STYLE = Automatic;
				DEVELOPMENT_TEAM = 9SVGXMGU4M;
				INFOPLIST_FILE = rapProjectUITests/Info.plist;
				LD_RUNPATH_SEARCH_PATHS = "$(inherited) @executable_path/Frameworks @loader_path/Frameworks";
				PRODUCT_BUNDLE_IDENTIFIER = com.andrew.cook.rapProjectUITests;
				PRODUCT_NAME = "$(TARGET_NAME)";
				SWIFT_VERSION = 4.0;
				TARGETED_DEVICE_FAMILY = "1,2";
				TEST_TARGET_NAME = rapProject;
			};
			name = Debug;
		};
		49D6C9CA201E6D9E00CD66E3 /* Release */ = {
			isa = XCBuildConfiguration;
			buildSettings = {
				ALWAYS_EMBED_SWIFT_STANDARD_LIBRARIES = YES;
				CODE_SIGN_STYLE = Automatic;
				DEVELOPMENT_TEAM = 9SVGXMGU4M;
				INFOPLIST_FILE = rapProjectUITests/Info.plist;
				LD_RUNPATH_SEARCH_PATHS = "$(inherited) @executable_path/Frameworks @loader_path/Frameworks";
				PRODUCT_BUNDLE_IDENTIFIER = com.andrew.cook.rapProjectUITests;
				PRODUCT_NAME = "$(TARGET_NAME)";
				SWIFT_VERSION = 4.0;
				TARGETED_DEVICE_FAMILY = "1,2";
				TEST_TARGET_NAME = rapProject;
			};
			name = Release;
		};
/* End XCBuildConfiguration section */

/* Begin XCConfigurationList section */
		49D6C995201E6D9D00CD66E3 /* Build configuration list for PBXProject "rapProject" */ = {
			isa = XCConfigurationList;
			buildConfigurations = (
				49D6C9C0201E6D9E00CD66E3 /* Debug */,
				49D6C9C1201E6D9E00CD66E3 /* Release */,
			);
			defaultConfigurationIsVisible = 0;
			defaultConfigurationName = Release;
		};
		49D6C9C2201E6D9E00CD66E3 /* Build configuration list for PBXNativeTarget "rapProject" */ = {
			isa = XCConfigurationList;
			buildConfigurations = (
				49D6C9C3201E6D9E00CD66E3 /* Debug */,
				49D6C9C4201E6D9E00CD66E3 /* Release */,
			);
			defaultConfigurationIsVisible = 0;
			defaultConfigurationName = Release;
		};
		49D6C9C5201E6D9E00CD66E3 /* Build configuration list for PBXNativeTarget "rapProjectTests" */ = {
			isa = XCConfigurationList;
			buildConfigurations = (
				49D6C9C6201E6D9E00CD66E3 /* Debug */,
				49D6C9C7201E6D9E00CD66E3 /* Release */,
			);
			defaultConfigurationIsVisible = 0;
			defaultConfigurationName = Release;
		};
		49D6C9C8201E6D9E00CD66E3 /* Build configuration list for PBXNativeTarget "rapProjectUITests" */ = {
			isa = XCConfigurationList;
			buildConfigurations = (
				49D6C9C9201E6D9E00CD66E3 /* Debug */,
				49D6C9CA201E6D9E00CD66E3 /* Release */,
			);
			defaultConfigurationIsVisible = 0;
			defaultConfigurationName = Release;
		};
/* End XCConfigurationList section */
	};
	rootObject = 49D6C992201E6D9D00CD66E3 /* Project object */;
}
